
Microsoft Visual Studio Solution File, Format Version 12.00
# Visual Studio Version 16
VisualStudioVersion = 16.0.30320.27
MinimumVisualStudioVersion = 10.0.40219.1
Project("{FAE04EC0-301F-11D3-BF4B-00C04F79EFBC}") = "StudentAppAutoDbContextCreate", "StudentAppAutoDbContextCreate.csproj", "{EE4B1031-3F1B-4ABA-A188-B7881F021E70}"
EndProject
Global
	GlobalSection(SolutionConfigurationPlatforms) = preSolution
		Debug|Any CPU = Debug|Any CPU
		Release|Any CPU = Release|Any CPU
	EndGlobalSection
	GlobalSection(ProjectConfigurationPlatforms) = postSolution
		{EE4B1031-3F1B-4ABA-A188-B7881F021E70}.Debug|Any CPU.ActiveCfg = Debug|Any CPU
		{EE4B1031-3F1B-4ABA-A188-B7881F021E70}.Debug|Any CPU.Build.0 = Debug|Any CPU
		{EE4B1031-3F1B-4ABA-A188-B7881F021E70}.Release|Any CPU.ActiveCfg = Release|Any CPU
		{EE4B1031-3F1B-4ABA-A188-B7881F021E70}.Release|Any CPU.Build.0 = Release|Any CPU
	EndGlobalSection
	GlobalSection(SolutionProperties) = preSolution
		HideSolutionNode = FALSE
	EndGlobalSection
	GlobalSection(ExtensibilityGlobals) = postSolution
		SolutionGuid = {74AC6772-CD6B-46E0-A4F0-2F9A78A5EF2E}
	EndGlobalSection
EndGlobal
